
Microsoft Visual Studio Solution File, Format Version 12.00
# Visual Studio Version 16
VisualStudioVersion = 16.0.32413.511
MinimumVisualStudioVersion = 10.0.40219.1
Project("{FAE04EC0-301F-11D3-BF4B-00C04F79EFBC}") = "ProyectoFinalCastroSantiago.Android", "ProyectoFinalCastroSantiago.Android\ProyectoFinalCastroSantiago.Android.csproj", "{6A4C3677-0046-4381-A7D6-4C540B8169F6}"
EndProject
Project("{FAE04EC0-301F-11D3-BF4B-00C04F79EFBC}") = "ProyectoFinalCastroSantiago.iOS", "ProyectoFinalCastroSantiago.iOS\ProyectoFinalCastroSantiago.iOS.csproj", "{6C2DBDDB-427D-43A7-9E52-79856D63D539}"
EndProject
Project("{FAE04EC0-301F-11D3-BF4B-00C04F79EFBC}") = "ProyectoFinalCastroSantiago", "ProyectoFinalCastroSantiago\ProyectoFinalCastroSantiago.csproj", "{AD532CDA-3BE3-443A-A869-1E7A63E6D519}"
EndProject
Global
	GlobalSection(SolutionConfigurationPlatforms) = preSolution
		Debug|Any CPU = Debug|Any CPU
		Debug|iPhone = Debug|iPhone
		Debug|iPhoneSimulator = Debug|iPhoneSimulator
		Release|Any CPU = Release|Any CPU
		Release|iPhone = Release|iPhone
		Release|iPhoneSimulator = Release|iPhoneSimulator
	EndGlobalSection
	GlobalSection(ProjectConfigurationPlatforms) = postSolution
		{6A4C3677-0046-4381-A7D6-4C540B8169F6}.Debug|Any CPU.ActiveCfg = Debug|Any CPU
		{6A4C3677-0046-4381-A7D6-4C540B8169F6}.Debug|Any CPU.Build.0 = Debug|Any CPU
		{6A4C3677-0046-4381-A7D6-4C540B8169F6}.Debug|Any CPU.Deploy.0 = Debug|Any CPU
		{6A4C3677-0046-4381-A7D6-4C540B8169F6}.Debug|iPhone.ActiveCfg = Debug|Any CPU
		{6A4C3677-0046-4381-A7D6-4C540B8169F6}.Debug|iPhone.Build.0 = Debug|Any CPU
		{6A4C3677-0046-4381-A7D6-4C540B8169F6}.Debug|iPhone.Deploy.0 = Debug|Any CPU
		{6A4C3677-0046-4381-A7D6-4C540B8169F6}.Debug|iPhoneSimulator.ActiveCfg = Debug|Any CPU
		{6A4C3677-0046-4381-A7D6-4C540B8169F6}.Debug|iPhoneSimulator.Build.0 = Debug|Any CPU
		{6A4C3677-0046-4381-A7D6-4C540B8169F6}.Debug|iPhoneSimulator.Deploy.0 = Debug|Any CPU
		{6A4C3677-0046-4381-A7D6-4C540B8169F6}.Release|Any CPU.ActiveCfg = Release|Any CPU
		{6A4C3677-0046-4381-A7D6-4C540B8169F6}.Release|Any CPU.Build.0 = Release|Any CPU
		{6A4C3677-0046-4381-A7D6-4C540B8169F6}.Release|Any CPU.Deploy.0 = Release|Any CPU
		{6A4C3677-0046-4381-A7D6-4C540B8169F6}.Release|iPhone.ActiveCfg = Release|Any CPU
		{6A4C3677-0046-4381-A7D6-4C540B8169F6}.Release|iPhone.Build.0 = Release|Any CPU
		{6A4C3677-0046-4381-A7D6-4C540B8169F6}.Release|iPhone.Deploy.0 = Release|Any CPU
		{6A4C3677-0046-4381-A7D6-4C540B8169F6}.Release|iPhoneSimulator.ActiveCfg = Release|Any CPU
		{6A4C3677-0046-4381-A7D6-4C540B8169F6}.Release|iPhoneSimulator.Build.0 = Release|Any CPU
		{6A4C3677-0046-4381-A7D6-4C540B8169F6}.Release|iPhoneSimulator.Deploy.0 = Release|Any CPU
		{6C2DBDDB-427D-43A7-9E52-79856D63D539}.Debug|Any CPU.ActiveCfg = Debug|iPhone
		{6C2DBDDB-427D-43A7-9E52-79856D63D539}.Debug|Any CPU.Build.0 = Debug|iPhone
		{6C2DBDDB-427D-43A7-9E52-79856D63D539}.Debug|Any CPU.Deploy.0 = Debug|iPhone
		{6C2DBDDB-427D-43A7-9E52-79856D63D539}.Debug|iPhone.ActiveCfg = Debug|iPhone
		{6C2DBDDB-427D-43A7-9E52-79856D63D539}.Debug|iPhone.Build.0 = Debug|iPhone
		{6C2DBDDB-427D-43A7-9E52-79856D63D539}.Debug|iPhone.Deploy.0 = Debug|iPhone
		{6C2DBDDB-427D-43A7-9E52-79856D63D539}.Debug|iPhoneSimulator.ActiveCfg = Debug|iPhoneSimulator
		{6C2DBDDB-427D-43A7-9E52-79856D63D539}.Debug|iPhoneSimulator.Build.0 = Debug|iPhoneSimulator
		{6C2DBDDB-427D-43A7-9E52-79856D63D539}.Debug|iPhoneSimulator.Deploy.0 = Debug|iPhoneSimulator
		{6C2DBDDB-427D-43A7-9E52-79856D63D539}.Release|Any CPU.ActiveCfg = Release|iPhoneSimulator
		{6C2DBDDB-427D-43A7-9E52-79856D63D539}.Release|Any CPU.Build.0 = Release|iPhoneSimulator
		{6C2DBDDB-427D-43A7-9E52-79856D63D539}.Release|Any CPU.Deploy.0 = Release|iPhoneSimulator
		{6C2DBDDB-427D-43A7-9E52-79856D63D539}.Release|iPhone.ActiveCfg = Release|iPhone
		{6C2DBDDB-427D-43A7-9E52-79856D63D539}.Release|iPhone.Build.0 = Release|iPhone
		{6C2DBDDB-427D-43A7-9E52-79856D63D539}.Release|iPhone.Deploy.0 = Release|iPhone
		{6C2DBDDB-427D-43A7-9E52-79856D63D539}.Release|iPhoneSimulator.ActiveCfg = Release|iPhoneSimulator
		{6C2DBDDB-427D-43A7-9E52-79856D63D539}.Release|iPhoneSimulator.Build.0 = Release|iPhoneSimulator
		{6C2DBDDB-427D-43A7-9E52-79856D63D539}.Release|iPhoneSimulator.Deploy.0 = Release|iPhoneSimulator
		{AD532CDA-3BE3-443A-A869-1E7A63E6D519}.Debug|Any CPU.ActiveCfg = Debug|Any CPU
		{AD532CDA-3BE3-443A-A869-1E7A63E6D519}.Debug|Any CPU.Build.0 = Debug|Any CPU
		{AD532CDA-3BE3-443A-A869-1E7A63E6D519}.Debug|Any CPU.Deploy.0 = Debug|Any CPU
		{AD532CDA-3BE3-443A-A869-1E7A63E6D519}.Debug|iPhone.ActiveCfg = Debug|Any CPU
		{AD532CDA-3BE3-443A-A869-1E7A63E6D519}.Debug|iPhone.Build.0 = Debug|Any CPU
		{AD532CDA-3BE3-443A-A869-1E7A63E6D519}.Debug|iPhone.Deploy.0 = Debug|Any CPU
		{AD532CDA-3BE3-443A-A869-1E7A63E6D519}.Debug|iPhoneSimulator.ActiveCfg = Debug|Any CPU
		{AD532CDA-3BE3-443A-A869-1E7A63E6D519}.Debug|iPhoneSimulator.Build.0 = Debug|Any CPU
		{AD532CDA-3BE3-443A-A869-1E7A63E6D519}.Debug|iPhoneSimulator.Deploy.0 = Debug|Any CPU
		{AD532CDA-3BE3-443A-A869-1E7A63E6D519}.Release|Any CPU.ActiveCfg = Release|Any CPU
		{AD532CDA-3BE3-443A-A869-1E7A63E6D519}.Release|Any CPU.Build.0 = Release|Any CPU
		{AD532CDA-3BE3-443A-A869-1E7A63E6D519}.Release|Any CPU.Deploy.0 = Release|Any CPU
		{AD532CDA-3BE3-443A-A869-1E7A63E6D519}.Release|iPhone.ActiveCfg = Release|Any CPU
		{AD532CDA-3BE3-443A-A869-1E7A63E6D519}.Release|iPhone.Build.0 = Release|Any CPU
		{AD532CDA-3BE3-443A-A869-1E7A63E6D519}.Release|iPhone.Deploy.0 = Release|Any CPU
		{AD532CDA-3BE3-443A-A869-1E7A63E6D519}.Release|iPhoneSimulator.ActiveCfg = Release|Any CPU
		{AD532CDA-3BE3-443A-A869-1E7A63E6D519}.Release|iPhoneSimulator.Build.0 = Release|Any CPU
		{AD532CDA-3BE3-443A-A869-1E7A63E6D519}.Release|iPhoneSimulator.Deploy.0 = Release|Any CPU
	EndGlobalSection
	GlobalSection(SolutionProperties) = preSolution
		HideSolutionNode = FALSE
	EndGlobalSection
	GlobalSection(ExtensibilityGlobals) = postSolution
		SolutionGuid = {39C74D09-31EE-48F0-8438-DB020829760E}
	EndGlobalSection
EndGlobal
